// !$*UTF8*$!
{
	archiveVersion = 1;
	classes = {
	};
	objectVersion = 56;
	objects = {

/* Begin PBXBuildFile section */
		9014BC142C8E0F3B00F097D2 /* TestElektraApp.swift in Sources */ = {isa = PBXBuildFile; fileRef = 9014BC132C8E0F3B00F097D2 /* TestElektraApp.swift */; };
		9014BC162C8E0F3B00F097D2 /* ContentView.swift in Sources */ = {isa = PBXBuildFile; fileRef = 9014BC152C8E0F3B00F097D2 /* ContentView.swift */; };
		9014BC182C8E0F3C00F097D2 /* Assets.xcassets in Resources */ = {isa = PBXBuildFile; fileRef = 9014BC172C8E0F3C00F097D2 /* Assets.xcassets */; };
		9014BC1B2C8E0F3C00F097D2 /* Preview Assets.xcassets in Resources */ = {isa = PBXBuildFile; fileRef = 9014BC1A2C8E0F3C00F097D2 /* Preview Assets.xcassets */; };
		9014BC252C8E127400F097D2 /* ItemsListModel.swift in Sources */ = {isa = PBXBuildFile; fileRef = 9014BC242C8E127400F097D2 /* ItemsListModel.swift */; };
		9014BC272C8E12AC00F097D2 /* ResultadoModel.swift in Sources */ = {isa = PBXBuildFile; fileRef = 9014BC262C8E12AC00F097D2 /* ResultadoModel.swift */; };
		9014BC292C8E12BE00F097D2 /* PaginacionModel.swift in Sources */ = {isa = PBXBuildFile; fileRef = 9014BC282C8E12BE00F097D2 /* PaginacionModel.swift */; };
		9014BC2B2C8E12D000F097D2 /* ProductoModel.swift in Sources */ = {isa = PBXBuildFile; fileRef = 9014BC2A2C8E12D000F097D2 /* ProductoModel.swift */; };
		9014BC2D2C8E12E100F097D2 /* AbonoSemanaleModel.swift in Sources */ = {isa = PBXBuildFile; fileRef = 9014BC2C2C8E12E100F097D2 /* AbonoSemanaleModel.swift */; };
		9014BC302C8E159100F097D2 /* ErrorCases.swift in Sources */ = {isa = PBXBuildFile; fileRef = 9014BC2F2C8E159100F097D2 /* ErrorCases.swift */; };
		9014BC332C8E161800F097D2 /* WebService.swift in Sources */ = {isa = PBXBuildFile; fileRef = 9014BC322C8E161800F097D2 /* WebService.swift */; };
		9014BC362C8E17C000F097D2 /* ItemsListViewModel.swift in Sources */ = {isa = PBXBuildFile; fileRef = 9014BC352C8E17C000F097D2 /* ItemsListViewModel.swift */; };
		9014BC3A2C8E203000F097D2 /* ItemsListView.swift in Sources */ = {isa = PBXBuildFile; fileRef = 9014BC392C8E203000F097D2 /* ItemsListView.swift */; };
		9014BC3D2C8E23E700F097D2 /* Kingfisher in Frameworks */ = {isa = PBXBuildFile; productRef = 9014BC3C2C8E23E700F097D2 /* Kingfisher */; };
		9014BC3F2C8E24E100F097D2 /* ItemDetailsView.swift in Sources */ = {isa = PBXBuildFile; fileRef = 9014BC3E2C8E24E100F097D2 /* ItemDetailsView.swift */; };
		9014BC412C8E257B00F097D2 /* ItemRowListView.swift in Sources */ = {isa = PBXBuildFile; fileRef = 9014BC402C8E257B00F097D2 /* ItemRowListView.swift */; };
		9014BC442C8E7A8500F097D2 /* Shimmer in Frameworks */ = {isa = PBXBuildFile; productRef = 9014BC432C8E7A8500F097D2 /* Shimmer */; };
/* End PBXBuildFile section */

/* Begin PBXFileReference section */
		9014BC102C8E0F3B00F097D2 /* TestElektra.app */ = {isa = PBXFileReference; explicitFileType = wrapper.application; includeInIndex = 0; path = TestElektra.app; sourceTree = BUILT_PRODUCTS_DIR; };
		9014BC132C8E0F3B00F097D2 /* TestElektraApp.swift */ = {isa = PBXFileReference; lastKnownFileType = sourcecode.swift; path = TestElektraApp.swift; sourceTree = "<group>"; };
		9014BC152C8E0F3B00F097D2 /* ContentView.swift */ = {isa = PBXFileReference; lastKnownFileType = sourcecode.swift; path = ContentView.swift; sourceTree = "<group>"; };
		9014BC172C8E0F3C00F097D2 /* Assets.xcassets */ = {isa = PBXFileReference; lastKnownFileType = folder.assetcatalog; path = Assets.xcassets; sourceTree = "<group>"; };
		9014BC1A2C8E0F3C00F097D2 /* Preview Assets.xcassets */ = {isa = PBXFileReference; lastKnownFileType = folder.assetcatalog; path = "Preview Assets.xcassets"; sourceTree = "<group>"; };
		9014BC242C8E127400F097D2 /* ItemsListModel.swift */ = {isa = PBXFileReference; lastKnownFileType = sourcecode.swift; path = ItemsListModel.swift; sourceTree = "<group>"; };
		9014BC262C8E12AC00F097D2 /* ResultadoModel.swift */ = {isa = PBXFileReference; lastKnownFileType = sourcecode.swift; path = ResultadoModel.swift; sourceTree = "<group>"; };
		9014BC282C8E12BE00F097D2 /* PaginacionModel.swift */ = {isa = PBXFileReference; lastKnownFileType = sourcecode.swift; path = PaginacionModel.swift; sourceTree = "<group>"; };
		9014BC2A2C8E12D000F097D2 /* ProductoModel.swift */ = {isa = PBXFileReference; lastKnownFileType = sourcecode.swift; path = ProductoModel.swift; sourceTree = "<group>"; };
		9014BC2C2C8E12E100F097D2 /* AbonoSemanaleModel.swift */ = {isa = PBXFileReference; lastKnownFileType = sourcecode.swift; path = AbonoSemanaleModel.swift; sourceTree = "<group>"; };
		9014BC2F2C8E159100F097D2 /* ErrorCases.swift */ = {isa = PBXFileReference; lastKnownFileType = sourcecode.swift; path = ErrorCases.swift; sourceTree = "<group>"; };
		9014BC322C8E161800F097D2 /* WebService.swift */ = {isa = PBXFileReference; lastKnownFileType = sourcecode.swift; path = WebService.swift; sourceTree = "<group>"; };
		9014BC352C8E17C000F097D2 /* ItemsListViewModel.swift */ = {isa = PBXFileReference; lastKnownFileType = sourcecode.swift; path = ItemsListViewModel.swift; sourceTree = "<group>"; };
		9014BC372C8E1AC500F097D2 /* Info.plist */ = {isa = PBXFileReference; lastKnownFileType = text.plist; path = Info.plist; sourceTree = "<group>"; };
		9014BC392C8E203000F097D2 /* ItemsListView.swift */ = {isa = PBXFileReference; lastKnownFileType = sourcecode.swift; path = ItemsListView.swift; sourceTree = "<group>"; };
		9014BC3E2C8E24E100F097D2 /* ItemDetailsView.swift */ = {isa = PBXFileReference; lastKnownFileType = sourcecode.swift; path = ItemDetailsView.swift; sourceTree = "<group>"; };
		9014BC402C8E257B00F097D2 /* ItemRowListView.swift */ = {isa = PBXFileReference; lastKnownFileType = sourcecode.swift; path = ItemRowListView.swift; sourceTree = "<group>"; };
/* End PBXFileReference section */

/* Begin PBXFrameworksBuildPhase section */
		9014BC0D2C8E0F3B00F097D2 /* Frameworks */ = {
			isa = PBXFrameworksBuildPhase;
			buildActionMask = 2147483647;
			files = (
				9014BC442C8E7A8500F097D2 /* Shimmer in Frameworks */,
				9014BC3D2C8E23E700F097D2 /* Kingfisher in Frameworks */,
			);
			runOnlyForDeploymentPostprocessing = 0;
		};
/* End PBXFrameworksBuildPhase section */

/* Begin PBXGroup section */
		9014BC072C8E0F3B00F097D2 = {
			isa = PBXGroup;
			children = (
				9014BC122C8E0F3B00F097D2 /* TestElektra */,
				9014BC112C8E0F3B00F097D2 /* Products */,
			);
			sourceTree = "<group>";
		};
		9014BC112C8E0F3B00F097D2 /* Products */ = {
			isa = PBXGroup;
			children = (
				9014BC102C8E0F3B00F097D2 /* TestElektra.app */,
			);
			name = Products;
			sourceTree = "<group>";
		};
		9014BC122C8E0F3B00F097D2 /* TestElektra */ = {
			isa = PBXGroup;
			children = (
				9014BC372C8E1AC500F097D2 /* Info.plist */,
				9014BC132C8E0F3B00F097D2 /* TestElektraApp.swift */,
				9014BC152C8E0F3B00F097D2 /* ContentView.swift */,
				9014BC212C8E123A00F097D2 /* Models */,
				9014BC382C8E202000F097D2 /* Views */,
				9014BC2E2C8E158800F097D2 /* Error */,
				9014BC312C8E160900F097D2 /* WebService */,
				9014BC172C8E0F3C00F097D2 /* Assets.xcassets */,
				9014BC192C8E0F3C00F097D2 /* Preview Content */,
			);
			path = TestElektra;
			sourceTree = "<group>";
		};
		9014BC192C8E0F3C00F097D2 /* Preview Content */ = {
			isa = PBXGroup;
			children = (
				9014BC1A2C8E0F3C00F097D2 /* Preview Assets.xcassets */,
			);
			path = "Preview Content";
			sourceTree = "<group>";
		};
		9014BC212C8E123A00F097D2 /* Models */ = {
			isa = PBXGroup;
			children = (
				9014BC342C8E17B100F097D2 /* ItemsList */,
				9014BC262C8E12AC00F097D2 /* ResultadoModel.swift */,
				9014BC282C8E12BE00F097D2 /* PaginacionModel.swift */,
				9014BC2A2C8E12D000F097D2 /* ProductoModel.swift */,
				9014BC2C2C8E12E100F097D2 /* AbonoSemanaleModel.swift */,
			);
			path = Models;
			sourceTree = "<group>";
		};
		9014BC2E2C8E158800F097D2 /* Error */ = {
			isa = PBXGroup;
			children = (
				9014BC2F2C8E159100F097D2 /* ErrorCases.swift */,
			);
			path = Error;
			sourceTree = "<group>";
		};
		9014BC312C8E160900F097D2 /* WebService */ = {
			isa = PBXGroup;
			children = (
				9014BC322C8E161800F097D2 /* WebService.swift */,
			);
			path = WebService;
			sourceTree = "<group>";
		};
		9014BC342C8E17B100F097D2 /* ItemsList */ = {
			isa = PBXGroup;
			children = (
				9014BC242C8E127400F097D2 /* ItemsListModel.swift */,
				9014BC352C8E17C000F097D2 /* ItemsListViewModel.swift */,
			);
			path = ItemsList;
			sourceTree = "<group>";
		};
		9014BC382C8E202000F097D2 /* Views */ = {
			isa = PBXGroup;
			children = (
				9014BC392C8E203000F097D2 /* ItemsListView.swift */,
				9014BC3E2C8E24E100F097D2 /* ItemDetailsView.swift */,
				9014BC402C8E257B00F097D2 /* ItemRowListView.swift */,
			);
			path = Views;
			sourceTree = "<group>";
		};
/* End PBXGroup section */

/* Begin PBXNativeTarget section */
		9014BC0F2C8E0F3B00F097D2 /* TestElektra */ = {
			isa = PBXNativeTarget;
			buildConfigurationList = 9014BC1E2C8E0F3C00F097D2 /* Build configuration list for PBXNativeTarget "TestElektra" */;
			buildPhases = (
				9014BC0C2C8E0F3B00F097D2 /* Sources */,
				9014BC0D2C8E0F3B00F097D2 /* Frameworks */,
				9014BC0E2C8E0F3B00F097D2 /* Resources */,
			);
			buildRules = (
			);
			dependencies = (
			);
			name = TestElektra;
			packageProductDependencies = (
				9014BC3C2C8E23E700F097D2 /* Kingfisher */,
				9014BC432C8E7A8500F097D2 /* Shimmer */,
			);
			productName = TestElektra;
			productReference = 9014BC102C8E0F3B00F097D2 /* TestElektra.app */;
			productType = "com.apple.product-type.application";
		};
/* End PBXNativeTarget section */

/* Begin PBXProject section */
		9014BC082C8E0F3B00F097D2 /* Project object */ = {
			isa = PBXProject;
			attributes = {
				BuildIndependentTargetsInParallel = 1;
				LastSwiftUpdateCheck = 1520;
				LastUpgradeCheck = 1520;
				TargetAttributes = {
					9014BC0F2C8E0F3B00F097D2 = {
						CreatedOnToolsVersion = 15.2;
					};
				};
			};
			buildConfigurationList = 9014BC0B2C8E0F3B00F097D2 /* Build configuration list for PBXProject "TestElektra" */;
			compatibilityVersion = "Xcode 14.0";
			developmentRegion = en;
			hasScannedForEncodings = 0;
			knownRegions = (
				en,
				Base,
			);
			mainGroup = 9014BC072C8E0F3B00F097D2;
			packageReferences = (
				9014BC3B2C8E23E700F097D2 /* XCRemoteSwiftPackageReference "Kingfisher" */,
				9014BC422C8E7A8500F097D2 /* XCRemoteSwiftPackageReference "SwiftUI-Shimmer" */,
			);
			productRefGroup = 9014BC112C8E0F3B00F097D2 /* Products */;
			projectDirPath = "";
			projectRoot = "";
			targets = (
				9014BC0F2C8E0F3B00F097D2 /* TestElektra */,
			);
		};
/* End PBXProject section */

/* Begin PBXResourcesBuildPhase section */
		9014BC0E2C8E0F3B00F097D2 /* Resources */ = {
			isa = PBXResourcesBuildPhase;
			buildActionMask = 2147483647;
			files = (
				9014BC1B2C8E0F3C00F097D2 /* Preview Assets.xcassets in Resources */,
				9014BC182C8E0F3C00F097D2 /* Assets.xcassets in Resources */,
			);
			runOnlyForDeploymentPostprocessing = 0;
		};
/* End PBXResourcesBuildPhase section */

/* Begin PBXSourcesBuildPhase section */
		9014BC0C2C8E0F3B00F097D2 /* Sources */ = {
			isa = PBXSourcesBuildPhase;
			buildActionMask = 2147483647;
			files = (
				9014BC3F2C8E24E100F097D2 /* ItemDetailsView.swift in Sources */,
				9014BC292C8E12BE00F097D2 /* PaginacionModel.swift in Sources */,
				9014BC2D2C8E12E100F097D2 /* AbonoSemanaleModel.swift in Sources */,
				9014BC412C8E257B00F097D2 /* ItemRowListView.swift in Sources */,
				9014BC2B2C8E12D000F097D2 /* ProductoModel.swift in Sources */,
				9014BC302C8E159100F097D2 /* ErrorCases.swift in Sources */,
				9014BC162C8E0F3B00F097D2 /* ContentView.swift in Sources */,
				9014BC252C8E127400F097D2 /* ItemsListModel.swift in Sources */,
				9014BC142C8E0F3B00F097D2 /* TestElektraApp.swift in Sources */,
				9014BC332C8E161800F097D2 /* WebService.swift in Sources */,
				9014BC3A2C8E203000F097D2 /* ItemsListView.swift in Sources */,
				9014BC272C8E12AC00F097D2 /* ResultadoModel.swift in Sources */,
				9014BC362C8E17C000F097D2 /* ItemsListViewModel.swift in Sources */,
			);
			runOnlyForDeploymentPostprocessing = 0;
		};
/* End PBXSourcesBuildPhase section */

/* Begin XCBuildConfiguration section */
		9014BC1C2C8E0F3C00F097D2 /* Debug */ = {
			isa = XCBuildConfiguration;
			buildSettings = {
				ALWAYS_SEARCH_USER_PATHS = NO;
				ASSETCATALOG_COMPILER_GENERATE_SWIFT_ASSET_SYMBOL_EXTENSIONS = YES;
				CLANG_ANALYZER_NONNULL = YES;
				CLANG_ANALYZER_NUMBER_OBJECT_CONVERSION = YES_AGGRESSIVE;
				CLANG_CXX_LANGUAGE_STANDARD = "gnu++20";
				CLANG_ENABLE_MODULES = YES;
				CLANG_ENABLE_OBJC_ARC = YES;
				CLANG_ENABLE_OBJC_WEAK = YES;
				CLANG_WARN_BLOCK_CAPTURE_AUTORELEASING = YES;
				CLANG_WARN_BOOL_CONVERSION = YES;
				CLANG_WARN_COMMA = YES;
				CLANG_WARN_CONSTANT_CONVERSION = YES;
				CLANG_WARN_DEPRECATED_OBJC_IMPLEMENTATIONS = YES;
				CLANG_WARN_DIRECT_OBJC_ISA_USAGE = YES_ERROR;
				CLANG_WARN_DOCUMENTATION_COMMENTS = YES;
				CLANG_WARN_EMPTY_BODY = YES;
				CLANG_WARN_ENUM_CONVERSION = YES;
				CLANG_WARN_INFINITE_RECURSION = YES;
				CLANG_WARN_INT_CONVERSION = YES;
				CLANG_WARN_NON_LITERAL_NULL_CONVERSION = YES;
				CLANG_WARN_OBJC_IMPLICIT_RETAIN_SELF = YES;
				CLANG_WARN_OBJC_LITERAL_CONVERSION = YES;
				CLANG_WARN_OBJC_ROOT_CLASS = YES_ERROR;
				CLANG_WARN_QUOTED_INCLUDE_IN_FRAMEWORK_HEADER = YES;
				CLANG_WARN_RANGE_LOOP_ANALYSIS = YES;
				CLANG_WARN_STRICT_PROTOTYPES = YES;
				CLANG_WARN_SUSPICIOUS_MOVE = YES;
				CLANG_WARN_UNGUARDED_AVAILABILITY = YES_AGGRESSIVE;
				CLANG_WARN_UNREACHABLE_CODE = YES;
				CLANG_WARN__DUPLICATE_METHOD_MATCH = YES;
				COPY_PHASE_STRIP = NO;
				DEBUG_INFORMATION_FORMAT = dwarf;
				ENABLE_STRICT_OBJC_MSGSEND = YES;
				ENABLE_TESTABILITY = YES;
				ENABLE_USER_SCRIPT_SANDBOXING = YES;
				GCC_C_LANGUAGE_STANDARD = gnu17;
				GCC_DYNAMIC_NO_PIC = NO;
				GCC_NO_COMMON_BLOCKS = YES;
				GCC_OPTIMIZATION_LEVEL = 0;
				GCC_PREPROCESSOR_DEFINITIONS = (
					"DEBUG=1",
					"$(inherited)",
				);
				GCC_WARN_64_TO_32_BIT_CONVERSION = YES;
				GCC_WARN_ABOUT_RETURN_TYPE = YES_ERROR;
				GCC_WARN_UNDECLARED_SELECTOR = YES;
				GCC_WARN_UNINITIALIZED_AUTOS = YES_AGGRESSIVE;
				GCC_WARN_UNUSED_FUNCTION = YES;
				GCC_WARN_UNUSED_VARIABLE = YES;
				IPHONEOS_DEPLOYMENT_TARGET = 17.2;
				LOCALIZATION_PREFERS_STRING_CATALOGS = YES;
				MTL_ENABLE_DEBUG_INFO = INCLUDE_SOURCE;
				MTL_FAST_MATH = YES;
				ONLY_ACTIVE_ARCH = YES;
				SDKROOT = iphoneos;
				SWIFT_ACTIVE_COMPILATION_CONDITIONS = "DEBUG $(inherited)";
				SWIFT_OPTIMIZATION_LEVEL = "-Onone";
			};
			name = Debug;
		};
		9014BC1D2C8E0F3C00F097D2 /* Release */ = {
			isa = XCBuildConfiguration;
			buildSettings = {
				ALWAYS_SEARCH_USER_PATHS = NO;
				ASSETCATALOG_COMPILER_GENERATE_SWIFT_ASSET_SYMBOL_EXTENSIONS = YES;
				CLANG_ANALYZER_NONNULL = YES;
				CLANG_ANALYZER_NUMBER_OBJECT_CONVERSION = YES_AGGRESSIVE;
				CLANG_CXX_LANGUAGE_STANDARD = "gnu++20";
				CLANG_ENABLE_MODULES = YES;
				CLANG_ENABLE_OBJC_ARC = YES;
				CLANG_ENABLE_OBJC_WEAK = YES;
				CLANG_WARN_BLOCK_CAPTURE_AUTORELEASING = YES;
				CLANG_WARN_BOOL_CONVERSION = YES;
				CLANG_WARN_COMMA = YES;
				CLANG_WARN_CONSTANT_CONVERSION = YES;
				CLANG_WARN_DEPRECATED_OBJC_IMPLEMENTATIONS = YES;
				CLANG_WARN_DIRECT_OBJC_ISA_USAGE = YES_ERROR;
				CLANG_WARN_DOCUMENTATION_COMMENTS = YES;
				CLANG_WARN_EMPTY_BODY = YES;
				CLANG_WARN_ENUM_CONVERSION = YES;
				CLANG_WARN_INFINITE_RECURSION = YES;
				CLANG_WARN_INT_CONVERSION = YES;
				CLANG_WARN_NON_LITERAL_NULL_CONVERSION = YES;
				CLANG_WARN_OBJC_IMPLICIT_RETAIN_SELF = YES;
				CLANG_WARN_OBJC_LITERAL_CONVERSION = YES;
				CLANG_WARN_OBJC_ROOT_CLASS = YES_ERROR;
				CLANG_WARN_QUOTED_INCLUDE_IN_FRAMEWORK_HEADER = YES;
				CLANG_WARN_RANGE_LOOP_ANALYSIS = YES;
				CLANG_WARN_STRICT_PROTOTYPES = YES;
				CLANG_WARN_SUSPICIOUS_MOVE = YES;
				CLANG_WARN_UNGUARDED_AVAILABILITY = YES_AGGRESSIVE;
				CLANG_WARN_UNREACHABLE_CODE = YES;
				CLANG_WARN__DUPLICATE_METHOD_MATCH = YES;
				COPY_PHASE_STRIP = NO;
				DEBUG_INFORMATION_FORMAT = "dwarf-with-dsym";
				ENABLE_NS_ASSERTIONS = NO;
				ENABLE_STRICT_OBJC_MSGSEND = YES;
				ENABLE_USER_SCRIPT_SANDBOXING = YES;
				GCC_C_LANGUAGE_STANDARD = gnu17;
				GCC_NO_COMMON_BLOCKS = YES;
				GCC_WARN_64_TO_32_BIT_CONVERSION = YES;
				GCC_WARN_ABOUT_RETURN_TYPE = YES_ERROR;
				GCC_WARN_UNDECLARED_SELECTOR = YES;
				GCC_WARN_UNINITIALIZED_AUTOS = YES_AGGRESSIVE;
				GCC_WARN_UNUSED_FUNCTION = YES;
				GCC_WARN_UNUSED_VARIABLE = YES;
				IPHONEOS_DEPLOYMENT_TARGET = 17.2;
				LOCALIZATION_PREFERS_STRING_CATALOGS = YES;
				MTL_ENABLE_DEBUG_INFO = NO;
				MTL_FAST_MATH = YES;
				SDKROOT = iphoneos;
				SWIFT_COMPILATION_MODE = wholemodule;
				VALIDATE_PRODUCT = YES;
			};
			name = Release;
		};
		9014BC1F2C8E0F3C00F097D2 /* Debug */ = {
			isa = XCBuildConfiguration;
			buildSettings = {
				ASSETCATALOG_COMPILER_APPICON_NAME = AppIcon;
				ASSETCATALOG_COMPILER_GLOBAL_ACCENT_COLOR_NAME = AccentColor;
				CODE_SIGN_STYLE = Automatic;
				CURRENT_PROJECT_VERSION = 1;
				DEVELOPMENT_ASSET_PATHS = "\"TestElektra/Preview Content\"";
				DEVELOPMENT_TEAM = 485WG7JVGP;
				ENABLE_PREVIEWS = YES;
				GENERATE_INFOPLIST_FILE = YES;
				INFOPLIST_FILE = TestElektra/Info.plist;
				INFOPLIST_KEY_CFBundleDisplayName = "Test Elektra";
				INFOPLIST_KEY_LSApplicationCategoryType = "public.app-category.shopping";
				INFOPLIST_KEY_UIApplicationSceneManifest_Generation = YES;
				INFOPLIST_KEY_UIApplicationSupportsIndirectInputEvents = YES;
				INFOPLIST_KEY_UILaunchScreen_Generation = YES;
				INFOPLIST_KEY_UISupportedInterfaceOrientations = UIInterfaceOrientationPortrait;
				IPHONEOS_DEPLOYMENT_TARGET = 17.0;
				LD_RUNPATH_SEARCH_PATHS = (
					"$(inherited)",
					"@executable_path/Frameworks",
				);
				MARKETING_VERSION = 1.0;
				PRODUCT_BUNDLE_IDENTIFIER = com.diegoballesteros.TestElektra;
				PRODUCT_NAME = "$(TARGET_NAME)";
				SUPPORTED_PLATFORMS = "iphoneos iphonesimulator";
				SUPPORTS_MACCATALYST = NO;
				SUPPORTS_MAC_DESIGNED_FOR_IPHONE_IPAD = NO;
				SUPPORTS_XR_DESIGNED_FOR_IPHONE_IPAD = NO;
				SWIFT_EMIT_LOC_STRINGS = YES;
				SWIFT_VERSION = 5.0;
				TARGETED_DEVICE_FAMILY = 1;
			};
			name = Debug;
		};
		9014BC202C8E0F3C00F097D2 /* Release */ = {
			isa = XCBuildConfiguration;
			buildSettings = {
				ASSETCATALOG_COMPILER_APPICON_NAME = AppIcon;
				ASSETCATALOG_COMPILER_GLOBAL_ACCENT_COLOR_NAME = AccentColor;
				CODE_SIGN_STYLE = Automatic;
				CURRENT_PROJECT_VERSION = 1;
				DEVELOPMENT_ASSET_PATHS = "\"TestElektra/Preview Content\"";
				DEVELOPMENT_TEAM = 485WG7JVGP;
				ENABLE_PREVIEWS = YES;
				GENERATE_INFOPLIST_FILE = YES;
				INFOPLIST_FILE = TestElektra/Info.plist;
				INFOPLIST_KEY_CFBundleDisplayName = "Test Elektra";
				INFOPLIST_KEY_LSApplicationCategoryType = "public.app-category.shopping";
				INFOPLIST_KEY_UIApplicationSceneManifest_Generation = YES;
				INFOPLIST_KEY_UIApplicationSupportsIndirectInputEvents = YES;
				INFOPLIST_KEY_UILaunchScreen_Generation = YES;
				INFOPLIST_KEY_UISupportedInterfaceOrientations = UIInterfaceOrientationPortrait;
				IPHONEOS_DEPLOYMENT_TARGET = 17.0;
				LD_RUNPATH_SEARCH_PATHS = (
					"$(inherited)",
					"@executable_path/Frameworks",
				);
				MARKETING_VERSION = 1.0;
				PRODUCT_BUNDLE_IDENTIFIER = com.diegoballesteros.TestElektra;
				PRODUCT_NAME = "$(TARGET_NAME)";
				SUPPORTED_PLATFORMS = "iphoneos iphonesimulator";
				SUPPORTS_MACCATALYST = NO;
				SUPPORTS_MAC_DESIGNED_FOR_IPHONE_IPAD = NO;
				SUPPORTS_XR_DESIGNED_FOR_IPHONE_IPAD = NO;
				SWIFT_EMIT_LOC_STRINGS = YES;
				SWIFT_VERSION = 5.0;
				TARGETED_DEVICE_FAMILY = 1;
			};
			name = Release;
		};
/* End XCBuildConfiguration section */

/* Begin XCConfigurationList section */
		9014BC0B2C8E0F3B00F097D2 /* Build configuration list for PBXProject "TestElektra" */ = {
			isa = XCConfigurationList;
			buildConfigurations = (
				9014BC1C2C8E0F3C00F097D2 /* Debug */,
				9014BC1D2C8E0F3C00F097D2 /* Release */,
			);
			defaultConfigurationIsVisible = 0;
			defaultConfigurationName = Release;
		};
		9014BC1E2C8E0F3C00F097D2 /* Build configuration list for PBXNativeTarget "TestElektra" */ = {
			isa = XCConfigurationList;
			buildConfigurations = (
				9014BC1F2C8E0F3C00F097D2 /* Debug */,
				9014BC202C8E0F3C00F097D2 /* Release */,
			);
			defaultConfigurationIsVisible = 0;
			defaultConfigurationName = Release;
		};
/* End XCConfigurationList section */

/* Begin XCRemoteSwiftPackageReference section */
		9014BC3B2C8E23E700F097D2 /* XCRemoteSwiftPackageReference "Kingfisher" */ = {
			isa = XCRemoteSwiftPackageReference;
			repositoryURL = "https://github.com/onevcat/Kingfisher";
			requirement = {
				kind = upToNextMajorVersion;
				minimumVersion = 7.12.0;
			};
		};
		9014BC422C8E7A8500F097D2 /* XCRemoteSwiftPackageReference "SwiftUI-Shimmer" */ = {
			isa = XCRemoteSwiftPackageReference;
			repositoryURL = "https://github.com/markiv/SwiftUI-Shimmer.git";
			requirement = {
				kind = upToNextMajorVersion;
				minimumVersion = 1.5.1;
			};
		};
/* End XCRemoteSwiftPackageReference section */

/* Begin XCSwiftPackageProductDependency section */
		9014BC3C2C8E23E700F097D2 /* Kingfisher */ = {
			isa = XCSwiftPackageProductDependency;
			package = 9014BC3B2C8E23E700F097D2 /* XCRemoteSwiftPackageReference "Kingfisher" */;
			productName = Kingfisher;
		};
		9014BC432C8E7A8500F097D2 /* Shimmer */ = {
			isa = XCSwiftPackageProductDependency;
			package = 9014BC422C8E7A8500F097D2 /* XCRemoteSwiftPackageReference "SwiftUI-Shimmer" */;
			productName = Shimmer;
		};
/* End XCSwiftPackageProductDependency section */
	};
	rootObject = 9014BC082C8E0F3B00F097D2 /* Project object */;
}
